
Microsoft Visual Studio Solution File, Format Version 12.00
# Visual Studio Version 17
VisualStudioVersion = 17.7.34031.279
MinimumVisualStudioVersion = 10.0.40219.1
Project("{2150E333-8FDC-42A3-9474-1A3956D46DE8}") = "Solution Items", "Solution Items", "{2FD54FC8-C15D-4C76-A31C-6CC712299080}"
	ProjectSection(SolutionItems) = preProject
		blackbox.yml = blackbox.yml
		grafana\dashboards.yml = grafana\dashboards.yml
		grafana\datasources.yml = grafana\datasources.yml
		docker-compose-build.yml = docker-compose-build.yml
		docker-compose.yml = docker-compose.yml
		docker-local.ps1 = docker-local.ps1
		GitVersion.yml = GitVersion.yml
		http_pong.yml = http_pong.yml
		prometheus.yml = prometheus.yml
		README.md = README.md
		rmq_pong.yml = rmq_pong.yml
	EndProjectSection
EndProject
Project("{9A19103F-16F7-4668-BE54-9A1E7A4F7556}") = "credit-card-processor", "credit-card-processor\credit-card-processor.csproj", "{EEA665B3-0B43-4B45-A74E-58C8E9B3AE81}"
EndProject
Project("{2150E333-8FDC-42A3-9474-1A3956D46DE8}") = "Tests", "Tests", "{47292D9E-41AD-455D-8D5A-66C944C0370A}"
	ProjectSection(SolutionItems) = preProject
		test.http = test.http
	EndProjectSection
EndProject
Project("{2150E333-8FDC-42A3-9474-1A3956D46DE8}") = "Applications", "Applications", "{E4154375-158F-4A40-9FD0-D0B95575C524}"
EndProject
Project("{9A19103F-16F7-4668-BE54-9A1E7A4F7556}") = "point-of-sale-app", "point-of-sale-app\point-of-sale-app.csproj", "{8BA78129-45D2-44B2-A387-8CDC5C11FE7F}"
EndProject
Project("{2150E333-8FDC-42A3-9474-1A3956D46DE8}") = "Libraries", "Libraries", "{DE195D7C-2F4B-4A16-BE52-1B9D69E447D9}"
EndProject
Project("{9A19103F-16F7-4668-BE54-9A1E7A4F7556}") = "csca5028.lib", "csca5028.lib\csca5028.lib.csproj", "{E8BDDC93-F5F6-416D-A977-C79FB212764A}"
EndProject
Project("{9A19103F-16F7-4668-BE54-9A1E7A4F7556}") = "csca5028.lib.UnitTests", "csca5028.lib.Tests\csca5028.lib.UnitTests.csproj", "{5DF43864-8005-474A-BAFB-78F19C18E1E6}"
EndProject
Project("{9A19103F-16F7-4668-BE54-9A1E7A4F7556}") = "sales-collector", "sales-collector\sales-collector.csproj", "{7AECB731-2CBA-4E8F-B539-E1F49ABC4767}"
EndProject
Project("{9A19103F-16F7-4668-BE54-9A1E7A4F7556}") = "sales-web-app", "sales-web-app\sales-web-app.csproj", "{EE7C2608-C8F4-4620-BDC0-6AFF15E35DAC}"
EndProject
Project("{2150E333-8FDC-42A3-9474-1A3956D46DE8}") = "grafana", "grafana", "{88AFB9F5-FF16-4C51-8D0D-244518D5B34D}"
	ProjectSection(SolutionItems) = preProject
		grafana\dashboards.yml = grafana\dashboards.yml
		grafana\datasources.yml = grafana\datasources.yml
	EndProjectSection
EndProject
Project("{2150E333-8FDC-42A3-9474-1A3956D46DE8}") = "dashboards", "dashboards", "{23D8504E-4CD4-47B6-88FD-F67CC8A48D97}"
	ProjectSection(SolutionItems) = preProject
		grafana\dashboards\Erlang-Distribution.json = grafana\dashboards\Erlang-Distribution.json
		grafana\dashboards\Erlang-Distributions-Compare.json = grafana\dashboards\Erlang-Distributions-Compare.json
		grafana\dashboards\Erlang-Memory-Allocators.json = grafana\dashboards\Erlang-Memory-Allocators.json
		grafana\dashboards\inet_tcp_metrics.json = grafana\dashboards\inet_tcp_metrics.json
		grafana\dashboards\rabbitmq-exporter_vs_rabbitmq-prometheus.json = grafana\dashboards\rabbitmq-exporter_vs_rabbitmq-prometheus.json
		grafana\dashboards\RabbitMQ-Overview.json = grafana\dashboards\RabbitMQ-Overview.json
		grafana\dashboards\RabbitMQ-PerfTest.json = grafana\dashboards\RabbitMQ-PerfTest.json
		grafana\dashboards\RabbitMQ-Quorum-Queues-Raft.json = grafana\dashboards\RabbitMQ-Quorum-Queues-Raft.json
		grafana\dashboards\RabbitMQ-Stream.json = grafana\dashboards\RabbitMQ-Stream.json
	EndProjectSection
EndProject
Global
	GlobalSection(SolutionConfigurationPlatforms) = preSolution
		Debug|Any CPU = Debug|Any CPU
		Release|Any CPU = Release|Any CPU
	EndGlobalSection
	GlobalSection(ProjectConfigurationPlatforms) = postSolution
		{EEA665B3-0B43-4B45-A74E-58C8E9B3AE81}.Debug|Any CPU.ActiveCfg = Debug|Any CPU
		{EEA665B3-0B43-4B45-A74E-58C8E9B3AE81}.Debug|Any CPU.Build.0 = Debug|Any CPU
		{EEA665B3-0B43-4B45-A74E-58C8E9B3AE81}.Release|Any CPU.ActiveCfg = Release|Any CPU
		{EEA665B3-0B43-4B45-A74E-58C8E9B3AE81}.Release|Any CPU.Build.0 = Release|Any CPU
		{8BA78129-45D2-44B2-A387-8CDC5C11FE7F}.Debug|Any CPU.ActiveCfg = Debug|Any CPU
		{8BA78129-45D2-44B2-A387-8CDC5C11FE7F}.Debug|Any CPU.Build.0 = Debug|Any CPU
		{8BA78129-45D2-44B2-A387-8CDC5C11FE7F}.Release|Any CPU.ActiveCfg = Release|Any CPU
		{8BA78129-45D2-44B2-A387-8CDC5C11FE7F}.Release|Any CPU.Build.0 = Release|Any CPU
		{E8BDDC93-F5F6-416D-A977-C79FB212764A}.Debug|Any CPU.ActiveCfg = Debug|Any CPU
		{E8BDDC93-F5F6-416D-A977-C79FB212764A}.Debug|Any CPU.Build.0 = Debug|Any CPU
		{E8BDDC93-F5F6-416D-A977-C79FB212764A}.Release|Any CPU.ActiveCfg = Release|Any CPU
		{E8BDDC93-F5F6-416D-A977-C79FB212764A}.Release|Any CPU.Build.0 = Release|Any CPU
		{5DF43864-8005-474A-BAFB-78F19C18E1E6}.Debug|Any CPU.ActiveCfg = Debug|Any CPU
		{5DF43864-8005-474A-BAFB-78F19C18E1E6}.Debug|Any CPU.Build.0 = Debug|Any CPU
		{5DF43864-8005-474A-BAFB-78F19C18E1E6}.Release|Any CPU.ActiveCfg = Release|Any CPU
		{5DF43864-8005-474A-BAFB-78F19C18E1E6}.Release|Any CPU.Build.0 = Release|Any CPU
		{7AECB731-2CBA-4E8F-B539-E1F49ABC4767}.Debug|Any CPU.ActiveCfg = Debug|Any CPU
		{7AECB731-2CBA-4E8F-B539-E1F49ABC4767}.Debug|Any CPU.Build.0 = Debug|Any CPU
		{7AECB731-2CBA-4E8F-B539-E1F49ABC4767}.Release|Any CPU.ActiveCfg = Release|Any CPU
		{7AECB731-2CBA-4E8F-B539-E1F49ABC4767}.Release|Any CPU.Build.0 = Release|Any CPU
		{EE7C2608-C8F4-4620-BDC0-6AFF15E35DAC}.Debug|Any CPU.ActiveCfg = Debug|Any CPU
		{EE7C2608-C8F4-4620-BDC0-6AFF15E35DAC}.Debug|Any CPU.Build.0 = Debug|Any CPU
		{EE7C2608-C8F4-4620-BDC0-6AFF15E35DAC}.Release|Any CPU.ActiveCfg = Release|Any CPU
		{EE7C2608-C8F4-4620-BDC0-6AFF15E35DAC}.Release|Any CPU.Build.0 = Release|Any CPU
	EndGlobalSection
	GlobalSection(SolutionProperties) = preSolution
		HideSolutionNode = FALSE
	EndGlobalSection
	GlobalSection(NestedProjects) = preSolution
		{EEA665B3-0B43-4B45-A74E-58C8E9B3AE81} = {E4154375-158F-4A40-9FD0-D0B95575C524}
		{8BA78129-45D2-44B2-A387-8CDC5C11FE7F} = {E4154375-158F-4A40-9FD0-D0B95575C524}
		{E8BDDC93-F5F6-416D-A977-C79FB212764A} = {DE195D7C-2F4B-4A16-BE52-1B9D69E447D9}
		{5DF43864-8005-474A-BAFB-78F19C18E1E6} = {47292D9E-41AD-455D-8D5A-66C944C0370A}
		{7AECB731-2CBA-4E8F-B539-E1F49ABC4767} = {E4154375-158F-4A40-9FD0-D0B95575C524}
		{EE7C2608-C8F4-4620-BDC0-6AFF15E35DAC} = {E4154375-158F-4A40-9FD0-D0B95575C524}
		{88AFB9F5-FF16-4C51-8D0D-244518D5B34D} = {2FD54FC8-C15D-4C76-A31C-6CC712299080}
		{23D8504E-4CD4-47B6-88FD-F67CC8A48D97} = {88AFB9F5-FF16-4C51-8D0D-244518D5B34D}
	EndGlobalSection
	GlobalSection(ExtensibilityGlobals) = postSolution
		SolutionGuid = {16E0874C-1E53-4BC5-BD1B-77A8E2676157}
	EndGlobalSection
EndGlobal
